
Microsoft Visual Studio Solution File, Format Version 12.00
# Visual Studio Version 17
VisualStudioVersion = 17.2.33214.139
MinimumVisualStudioVersion = 10.0.40219.1
Project("{FAE04EC0-301F-11D3-BF4B-00C04F79EFBC}") = "Latin Translator", "Latin Translator\Latin Translator.csproj", "{16119180-B053-4AF2-890C-CC8405B4D56D}"
EndProject
Global
	GlobalSection(SolutionConfigurationPlatforms) = preSolution
		Debug|Any CPU = Debug|Any CPU
		Release|Any CPU = Release|Any CPU
	EndGlobalSection
	GlobalSection(ProjectConfigurationPlatforms) = postSolution
		{16119180-B053-4AF2-890C-CC8405B4D56D}.Debug|Any CPU.ActiveCfg = Debug|Any CPU
		{16119180-B053-4AF2-890C-CC8405B4D56D}.Debug|Any CPU.Build.0 = Debug|Any CPU
		{16119180-B053-4AF2-890C-CC8405B4D56D}.Release|Any CPU.ActiveCfg = Release|Any CPU
		{16119180-B053-4AF2-890C-CC8405B4D56D}.Release|Any CPU.Build.0 = Release|Any CPU
	EndGlobalSection
	GlobalSection(SolutionProperties) = preSolution
		HideSolutionNode = FALSE
	EndGlobalSection
	GlobalSection(ExtensibilityGlobals) = postSolution
		SolutionGuid = {02C32D7A-1D9B-4F0C-83F8-87C923FF3B43}
	EndGlobalSection
EndGlobal
